{
  "object": {
    "pins": [
      {
        "package": "CBLAS-Linux",
        "repositoryURL": "https://github.com/indisoluble/CBLAS-Linux.git",
        "state": {
          "branch": null,
          "revision": "46b67dc60adde8682f3342ca474605a12cd79867",
          "version": "1.0.0"
        }
      }
    ]
  },
  "version": 1
}
